// !$*UTF8*$!
{
	archiveVersion = 1;
	classes = {
	};
	objectVersion = 51;
	objects = {

/* Begin PBXBuildFile section */
		708C90EE439F89C5A8FCBB14 /* Pods_Me2_Business.framework in Frameworks */ = {isa = PBXBuildFile; fileRef = E15B6D99DD4F89919ACF0F75 /* Pods_Me2_Business.framework */; };
		DD00914A23C3215C00C7B370 /* ChatTableViewCell.swift in Sources */ = {isa = PBXBuildFile; fileRef = DD00914823C3215C00C7B370 /* ChatTableViewCell.swift */; };
		DD00914B23C3215C00C7B370 /* ChatTableViewCell.xib in Resources */ = {isa = PBXBuildFile; fileRef = DD00914923C3215C00C7B370 /* ChatTableViewCell.xib */; };
		DD00914D23C3291B00C7B370 /* Room.swift in Sources */ = {isa = PBXBuildFile; fileRef = DD00914C23C3291B00C7B370 /* Room.swift */; };
		DD00914F23C329DD00C7B370 /* Message.swift in Sources */ = {isa = PBXBuildFile; fileRef = DD00914E23C329DD00C7B370 /* Message.swift */; };
		DD00915123C32A4400C7B370 /* MediaFile.swift in Sources */ = {isa = PBXBuildFile; fileRef = DD00915023C32A4400C7B370 /* MediaFile.swift */; };
		DD00915323C32CB000C7B370 /* StringExtensions.swift in Sources */ = {isa = PBXBuildFile; fileRef = DD00915223C32CB000C7B370 /* StringExtensions.swift */; };
		DD00915523C32CE200C7B370 /* DateExtensions.swift in Sources */ = {isa = PBXBuildFile; fileRef = DD00915423C32CE200C7B370 /* DateExtensions.swift */; };
		DD00915723C32D1100C7B370 /* ChatParticipant.swift in Sources */ = {isa = PBXBuildFile; fileRef = DD00915623C32D1100C7B370 /* ChatParticipant.swift */; };
		DD00915923C331EE00C7B370 /* UITableViewExtensions.swift in Sources */ = {isa = PBXBuildFile; fileRef = DD00915823C331EE00C7B370 /* UITableViewExtensions.swift */; };
		DD00915B23C3325D00C7B370 /* UICollectionViewExtensions.swift in Sources */ = {isa = PBXBuildFile; fileRef = DD00915A23C3325D00C7B370 /* UICollectionViewExtensions.swift */; };
		DD00915D23C33F2D00C7B370 /* LoginViewModel.swift in Sources */ = {isa = PBXBuildFile; fileRef = DD00915C23C33F2D00C7B370 /* LoginViewModel.swift */; };
		DD00915F23C3624600C7B370 /* ChatTabViewModel.swift in Sources */ = {isa = PBXBuildFile; fileRef = DD00915E23C3624600C7B370 /* ChatTabViewModel.swift */; };
		DD00917023C370A100C7B370 /* Roboto-Black.ttf in Resources */ = {isa = PBXBuildFile; fileRef = DD00916C23C3702300C7B370 /* Roboto-Black.ttf */; };
		DD00917123C370A100C7B370 /* Roboto-BlackItalic.ttf in Resources */ = {isa = PBXBuildFile; fileRef = DD00916D23C3702300C7B370 /* Roboto-BlackItalic.ttf */; };
		DD00917223C370A100C7B370 /* Roboto-Bold.ttf in Resources */ = {isa = PBXBuildFile; fileRef = DD00916E23C3702300C7B370 /* Roboto-Bold.ttf */; };
		DD00917323C370A100C7B370 /* Roboto-BoldItalic.ttf in Resources */ = {isa = PBXBuildFile; fileRef = DD00916F23C3702300C7B370 /* Roboto-BoldItalic.ttf */; };
		DD00917423C370A100C7B370 /* Roboto-Light.ttf in Resources */ = {isa = PBXBuildFile; fileRef = DD00916A23C3702300C7B370 /* Roboto-Light.ttf */; };
		DD00917523C370A100C7B370 /* Roboto-LightItalic.ttf in Resources */ = {isa = PBXBuildFile; fileRef = DD00916B23C3702300C7B370 /* Roboto-LightItalic.ttf */; };
		DD00917623C370A100C7B370 /* Roboto-Medium.ttf in Resources */ = {isa = PBXBuildFile; fileRef = DD00916423C3701B00C7B370 /* Roboto-Medium.ttf */; };
		DD00917723C370A100C7B370 /* Roboto-MediumItalic.ttf in Resources */ = {isa = PBXBuildFile; fileRef = DD00916623C3701B00C7B370 /* Roboto-MediumItalic.ttf */; };
		DD00917823C370A100C7B370 /* Roboto-Regular.ttf in Resources */ = {isa = PBXBuildFile; fileRef = DD00916523C3701B00C7B370 /* Roboto-Regular.ttf */; };
		DD00917923C370A100C7B370 /* Roboto-RegularItalic.ttf in Resources */ = {isa = PBXBuildFile; fileRef = DD00916723C3701B00C7B370 /* Roboto-RegularItalic.ttf */; };
		DD00917A23C370A100C7B370 /* Roboto-Thin.ttf in Resources */ = {isa = PBXBuildFile; fileRef = DD00916823C3701B00C7B370 /* Roboto-Thin.ttf */; };
		DD00917B23C370A100C7B370 /* Roboto-ThinItalic.ttf in Resources */ = {isa = PBXBuildFile; fileRef = DD00916923C3701B00C7B370 /* Roboto-ThinItalic.ttf */; };
		DD00917D23C4890500C7B370 /* ChatViewController.swift in Sources */ = {isa = PBXBuildFile; fileRef = DD00917C23C4890500C7B370 /* ChatViewController.swift */; };
		DD00917F23C4898900C7B370 /* CollectionView.swift in Sources */ = {isa = PBXBuildFile; fileRef = DD00917E23C4898900C7B370 /* CollectionView.swift */; };
		DD00918223C48E3E00C7B370 /* ChatMessageCollectionViewCell.swift in Sources */ = {isa = PBXBuildFile; fileRef = DD00918123C48E3E00C7B370 /* ChatMessageCollectionViewCell.swift */; };
		DD00918423C48E9F00C7B370 /* UIViewExtensions.swift in Sources */ = {isa = PBXBuildFile; fileRef = DD00918323C48E9F00C7B370 /* UIViewExtensions.swift */; };
		DD00918623C48EFC00C7B370 /* ChatViewModel.swift in Sources */ = {isa = PBXBuildFile; fileRef = DD00918523C48EFC00C7B370 /* ChatViewModel.swift */; };
		DD00918823C4904B00C7B370 /* ChatAdapter.swift in Sources */ = {isa = PBXBuildFile; fileRef = DD00918723C4904B00C7B370 /* ChatAdapter.swift */; };
		DD00918A23C494AF00C7B370 /* VideoHelper.swift in Sources */ = {isa = PBXBuildFile; fileRef = DD00918923C494AF00C7B370 /* VideoHelper.swift */; };
		DD00918C23C495FC00C7B370 /* SectionDateHeaderCollectionReusableView.swift in Sources */ = {isa = PBXBuildFile; fileRef = DD00918B23C495FC00C7B370 /* SectionDateHeaderCollectionReusableView.swift */; };
		DD00918E23C49AB100C7B370 /* UINavigationItem.swift in Sources */ = {isa = PBXBuildFile; fileRef = DD00918D23C49AB100C7B370 /* UINavigationItem.swift */; };
		DD00919023C49E9700C7B370 /* UINavigationBar.swift in Sources */ = {isa = PBXBuildFile; fileRef = DD00918F23C49E9700C7B370 /* UINavigationBar.swift */; };
		DD00919723C4B10500C7B370 /* BookingCollectionViewCell.swift in Sources */ = {isa = PBXBuildFile; fileRef = DD00919523C4B10500C7B370 /* BookingCollectionViewCell.swift */; };
		DD00919823C4B10500C7B370 /* BookingCollectionViewCell.xib in Resources */ = {isa = PBXBuildFile; fileRef = DD00919623C4B10500C7B370 /* BookingCollectionViewCell.xib */; };
		DD00919A23C4C10A00C7B370 /* Booking.swift in Sources */ = {isa = PBXBuildFile; fileRef = DD00919923C4C10A00C7B370 /* Booking.swift */; };
		DD00919C23C5EE0B00C7B370 /* EditBookingViewController.swift in Sources */ = {isa = PBXBuildFile; fileRef = DD00919B23C5EE0B00C7B370 /* EditBookingViewController.swift */; };
		DD00919F23C6126C00C7B370 /* MediaMessageCollectionViewCell.swift in Sources */ = {isa = PBXBuildFile; fileRef = DD00919E23C6126C00C7B370 /* MediaMessageCollectionViewCell.swift */; };
		DD0091A123C612A500C7B370 /* Protocols.swift in Sources */ = {isa = PBXBuildFile; fileRef = DD0091A023C612A500C7B370 /* Protocols.swift */; };
		DD42F5A623C6F75E000ADF02 /* ApplicationViewController.swift in Sources */ = {isa = PBXBuildFile; fileRef = DD42F5A523C6F75E000ADF02 /* ApplicationViewController.swift */; };
		DD42F5A923C6F8CC000ADF02 /* ApplicationFieldTableViewCell.swift in Sources */ = {isa = PBXBuildFile; fileRef = DD42F5A723C6F8CC000ADF02 /* ApplicationFieldTableViewCell.swift */; };
		DD42F5AA23C6F8CC000ADF02 /* ApplicationFieldTableViewCell.xib in Resources */ = {isa = PBXBuildFile; fileRef = DD42F5A823C6F8CC000ADF02 /* ApplicationFieldTableViewCell.xib */; };
		DD42F5AC23C6FB71000ADF02 /* ApplicationViewModel.swift in Sources */ = {isa = PBXBuildFile; fileRef = DD42F5AB23C6FB71000ADF02 /* ApplicationViewModel.swift */; };
		DD42F5AE23C70695000ADF02 /* Dynamic.swift in Sources */ = {isa = PBXBuildFile; fileRef = DD42F5AD23C70695000ADF02 /* Dynamic.swift */; };
		DD42F5B023C7090A000ADF02 /* UIButtonExtensions.swift in Sources */ = {isa = PBXBuildFile; fileRef = DD42F5AF23C7090A000ADF02 /* UIButtonExtensions.swift */; };
		DD5FD00F23CBAB5B00F01725 /* Loader.storyboard in Resources */ = {isa = PBXBuildFile; fileRef = DD5FD00E23CBAB5B00F01725 /* Loader.storyboard */; };
		DD5FD01123CBAB8100F01725 /* LoaderViewController.swift in Sources */ = {isa = PBXBuildFile; fileRef = DD5FD01023CBAB8100F01725 /* LoaderViewController.swift */; };
		DD81E25F23D863F000069F23 /* ResetPasswordViewController.swift in Sources */ = {isa = PBXBuildFile; fileRef = DD81E25E23D863F000069F23 /* ResetPasswordViewController.swift */; };
		DD81E26123D86A5900069F23 /* ResetPasswordViewModel.swift in Sources */ = {isa = PBXBuildFile; fileRef = DD81E26023D86A5900069F23 /* ResetPasswordViewModel.swift */; };
		DD81E26323D879EC00069F23 /* ConfirmCodeViewController.swift in Sources */ = {isa = PBXBuildFile; fileRef = DD81E26223D879EC00069F23 /* ConfirmCodeViewController.swift */; };
		DD81E26523D96D5D00069F23 /* ConfirmCodeViewModel.swift in Sources */ = {isa = PBXBuildFile; fileRef = DD81E26423D96D5D00069F23 /* ConfirmCodeViewModel.swift */; };
		DD81E26723D9783F00069F23 /* SetNewPassViewController.swift in Sources */ = {isa = PBXBuildFile; fileRef = DD81E26623D9783F00069F23 /* SetNewPassViewController.swift */; };
		DD81E26923D97B1100069F23 /* SetNewPassViewModel.swift in Sources */ = {isa = PBXBuildFile; fileRef = DD81E26823D97B1000069F23 /* SetNewPassViewModel.swift */; };
		DD81E27323DABAFD00069F23 /* UserProfileViewController.swift in Sources */ = {isa = PBXBuildFile; fileRef = DD81E27223DABAFD00069F23 /* UserProfileViewController.swift */; };
		DD81E27523DABB1D00069F23 /* UserProfile.storyboard in Resources */ = {isa = PBXBuildFile; fileRef = DD81E27423DABB1D00069F23 /* UserProfile.storyboard */; };
		DD81E27823DABF2500069F23 /* ProfileHeaderTableViewCell.swift in Sources */ = {isa = PBXBuildFile; fileRef = DD81E27623DABF2500069F23 /* ProfileHeaderTableViewCell.swift */; };
		DD81E27923DABF2500069F23 /* ProfileHeaderTableViewCell.xib in Resources */ = {isa = PBXBuildFile; fileRef = DD81E27723DABF2500069F23 /* ProfileHeaderTableViewCell.xib */; };
		DD81E27B23DAC4C000069F23 /* FavouritePlacesTableViewCell.swift in Sources */ = {isa = PBXBuildFile; fileRef = DD81E27A23DAC4C000069F23 /* FavouritePlacesTableViewCell.swift */; };
		DD81E27D23DACAA600069F23 /* FavouritePlaceCollectionViewCell.swift in Sources */ = {isa = PBXBuildFile; fileRef = DD81E27C23DACAA600069F23 /* FavouritePlaceCollectionViewCell.swift */; };
		DD81E28123DACAE000069F23 /* Place.swift in Sources */ = {isa = PBXBuildFile; fileRef = DD81E28023DACAE000069F23 /* Place.swift */; };
		DD81E28323DACC9600069F23 /* User.swift in Sources */ = {isa = PBXBuildFile; fileRef = DD81E28223DACC9600069F23 /* User.swift */; };
		DD81E28523DACF1E00069F23 /* UserProfileViewModel.swift in Sources */ = {isa = PBXBuildFile; fileRef = DD81E28423DACF1E00069F23 /* UserProfileViewModel.swift */; };
		DD81E28723DADCB300069F23 /* ProfileSectionHeader.swift in Sources */ = {isa = PBXBuildFile; fileRef = DD81E28623DADCB300069F23 /* ProfileSectionHeader.swift */; };
		DDB257A123C1B4CF00DF1EB4 /* AppDelegate.swift in Sources */ = {isa = PBXBuildFile; fileRef = DDB257A023C1B4CF00DF1EB4 /* AppDelegate.swift */; };
		DDB257A623C1B4CF00DF1EB4 /* Main.storyboard in Resources */ = {isa = PBXBuildFile; fileRef = DDB257A423C1B4CF00DF1EB4 /* Main.storyboard */; };
		DDB257A823C1B4D100DF1EB4 /* Assets.xcassets in Resources */ = {isa = PBXBuildFile; fileRef = DDB257A723C1B4D100DF1EB4 /* Assets.xcassets */; };
		DDB257AB23C1B4D100DF1EB4 /* LaunchScreen.storyboard in Resources */ = {isa = PBXBuildFile; fileRef = DDB257A923C1B4D100DF1EB4 /* LaunchScreen.storyboard */; };
		DDB257B823C1B6B800DF1EB4 /* Login.storyboard in Resources */ = {isa = PBXBuildFile; fileRef = DDB257B723C1B6B800DF1EB4 /* Login.storyboard */; };
		DDB257BD23C1B87400DF1EB4 /* AttributedTextField.swift in Sources */ = {isa = PBXBuildFile; fileRef = DDB257BC23C1B87400DF1EB4 /* AttributedTextField.swift */; };
		DDB257BF23C1B8B000DF1EB4 /* Color.swift in Sources */ = {isa = PBXBuildFile; fileRef = DDB257BE23C1B8B000DF1EB4 /* Color.swift */; };
		DDB257C123C1B90500DF1EB4 /* Typealias.swift in Sources */ = {isa = PBXBuildFile; fileRef = DDB257C023C1B90500DF1EB4 /* Typealias.swift */; };
		DDB257C323C1B93700DF1EB4 /* Network.swift in Sources */ = {isa = PBXBuildFile; fileRef = DDB257C223C1B93700DF1EB4 /* Network.swift */; };
		DDB257C523C1B98700DF1EB4 /* UserDefaultsKeys.swift in Sources */ = {isa = PBXBuildFile; fileRef = DDB257C423C1B98700DF1EB4 /* UserDefaultsKeys.swift */; };
		DDB257C723C1F4C200DF1EB4 /* Storyboard.swift in Sources */ = {isa = PBXBuildFile; fileRef = DDB257C623C1F4C200DF1EB4 /* Storyboard.swift */; };
		DDB257CC23C1F53C00DF1EB4 /* LoginViewController.swift in Sources */ = {isa = PBXBuildFile; fileRef = DDB257CB23C1F53C00DF1EB4 /* LoginViewController.swift */; };
		DDB257CF23C1F6D900DF1EB4 /* UIColorExtensions.swift in Sources */ = {isa = PBXBuildFile; fileRef = DDB257CE23C1F6D900DF1EB4 /* UIColorExtensions.swift */; };
		DDB257D123C20ACB00DF1EB4 /* UIViewControllerExtensions.swift in Sources */ = {isa = PBXBuildFile; fileRef = DDB257D023C20ACB00DF1EB4 /* UIViewControllerExtensions.swift */; };
		DDB257D323C20BE400DF1EB4 /* UIAlertControllerExtensions.swift in Sources */ = {isa = PBXBuildFile; fileRef = DDB257D223C20BE400DF1EB4 /* UIAlertControllerExtensions.swift */; };
		DDB257D723C20F0600DF1EB4 /* MainTabsViewController.swift in Sources */ = {isa = PBXBuildFile; fileRef = DDB257D623C20F0600DF1EB4 /* MainTabsViewController.swift */; };
		DDB257DD23C2118200DF1EB4 /* ChatTabViewController.swift in Sources */ = {isa = PBXBuildFile; fileRef = DDB257DC23C2118200DF1EB4 /* ChatTabViewController.swift */; };
		DDB257DF23C2119200DF1EB4 /* Chat.storyboard in Resources */ = {isa = PBXBuildFile; fileRef = DDB257DE23C2119200DF1EB4 /* Chat.storyboard */; };
/* End PBXBuildFile section */

/* Begin PBXFileReference section */
		205F855AAAC0BD28F00E207A /* Pods-Me2_Business.debug.xcconfig */ = {isa = PBXFileReference; includeInIndex = 1; lastKnownFileType = text.xcconfig; name = "Pods-Me2_Business.debug.xcconfig"; path = "Target Support Files/Pods-Me2_Business/Pods-Me2_Business.debug.xcconfig"; sourceTree = "<group>"; };
		4AF46796FF9E20BF636AFD6F /* Pods-Me2_Business.release.xcconfig */ = {isa = PBXFileReference; includeInIndex = 1; lastKnownFileType = text.xcconfig; name = "Pods-Me2_Business.release.xcconfig"; path = "Target Support Files/Pods-Me2_Business/Pods-Me2_Business.release.xcconfig"; sourceTree = "<group>"; };
		DD00914823C3215C00C7B370 /* ChatTableViewCell.swift */ = {isa = PBXFileReference; lastKnownFileType = sourcecode.swift; path = ChatTableViewCell.swift; sourceTree = "<group>"; };
		DD00914923C3215C00C7B370 /* ChatTableViewCell.xib */ = {isa = PBXFileReference; lastKnownFileType = file.xib; path = ChatTableViewCell.xib; sourceTree = "<group>"; };
		DD00914C23C3291B00C7B370 /* Room.swift */ = {isa = PBXFileReference; lastKnownFileType = sourcecode.swift; path = Room.swift; sourceTree = "<group>"; };
		DD00914E23C329DD00C7B370 /* Message.swift */ = {isa = PBXFileReference; lastKnownFileType = sourcecode.swift; path = Message.swift; sourceTree = "<group>"; };
		DD00915023C32A4400C7B370 /* MediaFile.swift */ = {isa = PBXFileReference; lastKnownFileType = sourcecode.swift; path = MediaFile.swift; sourceTree = "<group>"; };
		DD00915223C32CB000C7B370 /* StringExtensions.swift */ = {isa = PBXFileReference; lastKnownFileType = sourcecode.swift; path = StringExtensions.swift; sourceTree = "<group>"; };
		DD00915423C32CE200C7B370 /* DateExtensions.swift */ = {isa = PBXFileReference; lastKnownFileType = sourcecode.swift; path = DateExtensions.swift; sourceTree = "<group>"; };
		DD00915623C32D1100C7B370 /* ChatParticipant.swift */ = {isa = PBXFileReference; lastKnownFileType = sourcecode.swift; path = ChatParticipant.swift; sourceTree = "<group>"; };
		DD00915823C331EE00C7B370 /* UITableViewExtensions.swift */ = {isa = PBXFileReference; lastKnownFileType = sourcecode.swift; path = UITableViewExtensions.swift; sourceTree = "<group>"; };
		DD00915A23C3325D00C7B370 /* UICollectionViewExtensions.swift */ = {isa = PBXFileReference; lastKnownFileType = sourcecode.swift; path = UICollectionViewExtensions.swift; sourceTree = "<group>"; };
		DD00915C23C33F2D00C7B370 /* LoginViewModel.swift */ = {isa = PBXFileReference; lastKnownFileType = sourcecode.swift; path = LoginViewModel.swift; sourceTree = "<group>"; };
		DD00915E23C3624600C7B370 /* ChatTabViewModel.swift */ = {isa = PBXFileReference; lastKnownFileType = sourcecode.swift; path = ChatTabViewModel.swift; sourceTree = "<group>"; };
		DD00916423C3701B00C7B370 /* Roboto-Medium.ttf */ = {isa = PBXFileReference; lastKnownFileType = file; name = "Roboto-Medium.ttf"; path = "Me2_Business/Support/Fonts/Roboto/Roboto-Medium.ttf"; sourceTree = SOURCE_ROOT; };
		DD00916523C3701B00C7B370 /* Roboto-Regular.ttf */ = {isa = PBXFileReference; lastKnownFileType = file; name = "Roboto-Regular.ttf"; path = "Me2_Business/Support/Fonts/Roboto/Roboto-Regular.ttf"; sourceTree = SOURCE_ROOT; };
		DD00916623C3701B00C7B370 /* Roboto-MediumItalic.ttf */ = {isa = PBXFileReference; lastKnownFileType = file; name = "Roboto-MediumItalic.ttf"; path = "Me2_Business/Support/Fonts/Roboto/Roboto-MediumItalic.ttf"; sourceTree = SOURCE_ROOT; };
		DD00916723C3701B00C7B370 /* Roboto-RegularItalic.ttf */ = {isa = PBXFileReference; lastKnownFileType = file; name = "Roboto-RegularItalic.ttf"; path = "Me2_Business/Support/Fonts/Roboto/Roboto-RegularItalic.ttf"; sourceTree = SOURCE_ROOT; };
		DD00916823C3701B00C7B370 /* Roboto-Thin.ttf */ = {isa = PBXFileReference; lastKnownFileType = file; name = "Roboto-Thin.ttf"; path = "Me2_Business/Support/Fonts/Roboto/Roboto-Thin.ttf"; sourceTree = SOURCE_ROOT; };
		DD00916923C3701B00C7B370 /* Roboto-ThinItalic.ttf */ = {isa = PBXFileReference; lastKnownFileType = file; name = "Roboto-ThinItalic.ttf"; path = "Me2_Business/Support/Fonts/Roboto/Roboto-ThinItalic.ttf"; sourceTree = SOURCE_ROOT; };
		DD00916A23C3702300C7B370 /* Roboto-Light.ttf */ = {isa = PBXFileReference; lastKnownFileType = file; name = "Roboto-Light.ttf"; path = "Me2_Business/Support/Fonts/Roboto/Roboto-Light.ttf"; sourceTree = SOURCE_ROOT; };
		DD00916B23C3702300C7B370 /* Roboto-LightItalic.ttf */ = {isa = PBXFileReference; lastKnownFileType = file; name = "Roboto-LightItalic.ttf"; path = "Me2_Business/Support/Fonts/Roboto/Roboto-LightItalic.ttf"; sourceTree = SOURCE_ROOT; };
		DD00916C23C3702300C7B370 /* Roboto-Black.ttf */ = {isa = PBXFileReference; lastKnownFileType = file; name = "Roboto-Black.ttf"; path = "Me2_Business/Support/Fonts/Roboto/Roboto-Black.ttf"; sourceTree = SOURCE_ROOT; };
		DD00916D23C3702300C7B370 /* Roboto-BlackItalic.ttf */ = {isa = PBXFileReference; lastKnownFileType = file; name = "Roboto-BlackItalic.ttf"; path = "Me2_Business/Support/Fonts/Roboto/Roboto-BlackItalic.ttf"; sourceTree = SOURCE_ROOT; };
		DD00916E23C3702300C7B370 /* Roboto-Bold.ttf */ = {isa = PBXFileReference; lastKnownFileType = file; name = "Roboto-Bold.ttf"; path = "Me2_Business/Support/Fonts/Roboto/Roboto-Bold.ttf"; sourceTree = SOURCE_ROOT; };
		DD00916F23C3702300C7B370 /* Roboto-BoldItalic.ttf */ = {isa = PBXFileReference; lastKnownFileType = file; name = "Roboto-BoldItalic.ttf"; path = "Me2_Business/Support/Fonts/Roboto/Roboto-BoldItalic.ttf"; sourceTree = SOURCE_ROOT; };
		DD00917C23C4890500C7B370 /* ChatViewController.swift */ = {isa = PBXFileReference; lastKnownFileType = sourcecode.swift; path = ChatViewController.swift; sourceTree = "<group>"; };
		DD00917E23C4898900C7B370 /* CollectionView.swift */ = {isa = PBXFileReference; lastKnownFileType = sourcecode.swift; path = CollectionView.swift; sourceTree = "<group>"; };
		DD00918123C48E3E00C7B370 /* ChatMessageCollectionViewCell.swift */ = {isa = PBXFileReference; lastKnownFileType = sourcecode.swift; path = ChatMessageCollectionViewCell.swift; sourceTree = "<group>"; };
		DD00918323C48E9F00C7B370 /* UIViewExtensions.swift */ = {isa = PBXFileReference; lastKnownFileType = sourcecode.swift; path = UIViewExtensions.swift; sourceTree = "<group>"; };
		DD00918523C48EFC00C7B370 /* ChatViewModel.swift */ = {isa = PBXFileReference; lastKnownFileType = sourcecode.swift; path = ChatViewModel.swift; sourceTree = "<group>"; };
		DD00918723C4904B00C7B370 /* ChatAdapter.swift */ = {isa = PBXFileReference; lastKnownFileType = sourcecode.swift; path = ChatAdapter.swift; sourceTree = "<group>"; };
		DD00918923C494AF00C7B370 /* VideoHelper.swift */ = {isa = PBXFileReference; lastKnownFileType = sourcecode.swift; path = VideoHelper.swift; sourceTree = "<group>"; };
		DD00918B23C495FC00C7B370 /* SectionDateHeaderCollectionReusableView.swift */ = {isa = PBXFileReference; lastKnownFileType = sourcecode.swift; path = SectionDateHeaderCollectionReusableView.swift; sourceTree = "<group>"; };
		DD00918D23C49AB100C7B370 /* UINavigationItem.swift */ = {isa = PBXFileReference; lastKnownFileType = sourcecode.swift; path = UINavigationItem.swift; sourceTree = "<group>"; };
		DD00918F23C49E9700C7B370 /* UINavigationBar.swift */ = {isa = PBXFileReference; lastKnownFileType = sourcecode.swift; path = UINavigationBar.swift; sourceTree = "<group>"; };
		DD00919523C4B10500C7B370 /* BookingCollectionViewCell.swift */ = {isa = PBXFileReference; lastKnownFileType = sourcecode.swift; name = BookingCollectionViewCell.swift; path = ../BookingCollectionViewCell.swift; sourceTree = "<group>"; };
		DD00919623C4B10500C7B370 /* BookingCollectionViewCell.xib */ = {isa = PBXFileReference; lastKnownFileType = file.xib; name = BookingCollectionViewCell.xib; path = ../BookingCollectionViewCell.xib; sourceTree = "<group>"; };
		DD00919923C4C10A00C7B370 /* Booking.swift */ = {isa = PBXFileReference; lastKnownFileType = sourcecode.swift; path = Booking.swift; sourceTree = "<group>"; };
		DD00919B23C5EE0B00C7B370 /* EditBookingViewController.swift */ = {isa = PBXFileReference; lastKnownFileType = sourcecode.swift; name = EditBookingViewController.swift; path = ../EditBookingViewController.swift; sourceTree = "<group>"; };
		DD00919E23C6126C00C7B370 /* MediaMessageCollectionViewCell.swift */ = {isa = PBXFileReference; lastKnownFileType = sourcecode.swift; path = MediaMessageCollectionViewCell.swift; sourceTree = "<group>"; };
		DD0091A023C612A500C7B370 /* Protocols.swift */ = {isa = PBXFileReference; lastKnownFileType = sourcecode.swift; path = Protocols.swift; sourceTree = "<group>"; };
		DD42F5A523C6F75E000ADF02 /* ApplicationViewController.swift */ = {isa = PBXFileReference; lastKnownFileType = sourcecode.swift; path = ApplicationViewController.swift; sourceTree = "<group>"; };
		DD42F5A723C6F8CC000ADF02 /* ApplicationFieldTableViewCell.swift */ = {isa = PBXFileReference; lastKnownFileType = sourcecode.swift; path = ApplicationFieldTableViewCell.swift; sourceTree = "<group>"; };
		DD42F5A823C6F8CC000ADF02 /* ApplicationFieldTableViewCell.xib */ = {isa = PBXFileReference; lastKnownFileType = file.xib; path = ApplicationFieldTableViewCell.xib; sourceTree = "<group>"; };
		DD42F5AB23C6FB71000ADF02 /* ApplicationViewModel.swift */ = {isa = PBXFileReference; lastKnownFileType = sourcecode.swift; path = ApplicationViewModel.swift; sourceTree = "<group>"; };
		DD42F5AD23C70695000ADF02 /* Dynamic.swift */ = {isa = PBXFileReference; lastKnownFileType = sourcecode.swift; path = Dynamic.swift; sourceTree = "<group>"; };
		DD42F5AF23C7090A000ADF02 /* UIButtonExtensions.swift */ = {isa = PBXFileReference; lastKnownFileType = sourcecode.swift; path = UIButtonExtensions.swift; sourceTree = "<group>"; };
		DD5FD00E23CBAB5B00F01725 /* Loader.storyboard */ = {isa = PBXFileReference; lastKnownFileType = file.storyboard; path = Loader.storyboard; sourceTree = "<group>"; };
		DD5FD01023CBAB8100F01725 /* LoaderViewController.swift */ = {isa = PBXFileReference; lastKnownFileType = sourcecode.swift; path = LoaderViewController.swift; sourceTree = "<group>"; };
		DD81E25E23D863F000069F23 /* ResetPasswordViewController.swift */ = {isa = PBXFileReference; lastKnownFileType = sourcecode.swift; path = ResetPasswordViewController.swift; sourceTree = "<group>"; };
		DD81E26023D86A5900069F23 /* ResetPasswordViewModel.swift */ = {isa = PBXFileReference; lastKnownFileType = sourcecode.swift; path = ResetPasswordViewModel.swift; sourceTree = "<group>"; };
		DD81E26223D879EC00069F23 /* ConfirmCodeViewController.swift */ = {isa = PBXFileReference; lastKnownFileType = sourcecode.swift; path = ConfirmCodeViewController.swift; sourceTree = "<group>"; };
		DD81E26423D96D5D00069F23 /* ConfirmCodeViewModel.swift */ = {isa = PBXFileReference; lastKnownFileType = sourcecode.swift; path = ConfirmCodeViewModel.swift; sourceTree = "<group>"; };
		DD81E26623D9783F00069F23 /* SetNewPassViewController.swift */ = {isa = PBXFileReference; lastKnownFileType = sourcecode.swift; path = SetNewPassViewController.swift; sourceTree = "<group>"; };
		DD81E26823D97B1000069F23 /* SetNewPassViewModel.swift */ = {isa = PBXFileReference; lastKnownFileType = sourcecode.swift; path = SetNewPassViewModel.swift; sourceTree = "<group>"; };
		DD81E26A23D9B72E00069F23 /* ru */ = {isa = PBXFileReference; lastKnownFileType = text.plist.strings; name = ru; path = ru.lproj/Main.strings; sourceTree = "<group>"; };
		DD81E26B23D9B72F00069F23 /* ru */ = {isa = PBXFileReference; lastKnownFileType = text.plist.strings; name = ru; path = ru.lproj/LaunchScreen.strings; sourceTree = "<group>"; };
		DD81E27223DABAFD00069F23 /* UserProfileViewController.swift */ = {isa = PBXFileReference; lastKnownFileType = sourcecode.swift; path = UserProfileViewController.swift; sourceTree = "<group>"; };
		DD81E27423DABB1D00069F23 /* UserProfile.storyboard */ = {isa = PBXFileReference; lastKnownFileType = file.storyboard; path = UserProfile.storyboard; sourceTree = "<group>"; };
		DD81E27623DABF2500069F23 /* ProfileHeaderTableViewCell.swift */ = {isa = PBXFileReference; lastKnownFileType = sourcecode.swift; path = ProfileHeaderTableViewCell.swift; sourceTree = "<group>"; };
		DD81E27723DABF2500069F23 /* ProfileHeaderTableViewCell.xib */ = {isa = PBXFileReference; lastKnownFileType = file.xib; path = ProfileHeaderTableViewCell.xib; sourceTree = "<group>"; };
		DD81E27A23DAC4C000069F23 /* FavouritePlacesTableViewCell.swift */ = {isa = PBXFileReference; lastKnownFileType = sourcecode.swift; path = FavouritePlacesTableViewCell.swift; sourceTree = "<group>"; };
		DD81E27C23DACAA600069F23 /* FavouritePlaceCollectionViewCell.swift */ = {isa = PBXFileReference; lastKnownFileType = sourcecode.swift; path = FavouritePlaceCollectionViewCell.swift; sourceTree = "<group>"; };
		DD81E28023DACAE000069F23 /* Place.swift */ = {isa = PBXFileReference; lastKnownFileType = sourcecode.swift; path = Place.swift; sourceTree = "<group>"; };
		DD81E28223DACC9600069F23 /* User.swift */ = {isa = PBXFileReference; lastKnownFileType = sourcecode.swift; path = User.swift; sourceTree = "<group>"; };
		DD81E28423DACF1E00069F23 /* UserProfileViewModel.swift */ = {isa = PBXFileReference; lastKnownFileType = sourcecode.swift; path = UserProfileViewModel.swift; sourceTree = "<group>"; };
		DD81E28623DADCB300069F23 /* ProfileSectionHeader.swift */ = {isa = PBXFileReference; lastKnownFileType = sourcecode.swift; path = ProfileSectionHeader.swift; sourceTree = "<group>"; };
		DDB2579D23C1B4CF00DF1EB4 /* Me2_Business.app */ = {isa = PBXFileReference; explicitFileType = wrapper.application; includeInIndex = 0; path = Me2_Business.app; sourceTree = BUILT_PRODUCTS_DIR; };
		DDB257A023C1B4CF00DF1EB4 /* AppDelegate.swift */ = {isa = PBXFileReference; lastKnownFileType = sourcecode.swift; path = AppDelegate.swift; sourceTree = "<group>"; };
		DDB257A523C1B4CF00DF1EB4 /* Base */ = {isa = PBXFileReference; lastKnownFileType = file.storyboard; name = Base; path = Base.lproj/Main.storyboard; sourceTree = "<group>"; };
		DDB257A723C1B4D100DF1EB4 /* Assets.xcassets */ = {isa = PBXFileReference; lastKnownFileType = folder.assetcatalog; path = Assets.xcassets; sourceTree = "<group>"; };
		DDB257AA23C1B4D100DF1EB4 /* Base */ = {isa = PBXFileReference; lastKnownFileType = file.storyboard; name = Base; path = Base.lproj/LaunchScreen.storyboard; sourceTree = "<group>"; };
		DDB257AC23C1B4D100DF1EB4 /* Info.plist */ = {isa = PBXFileReference; lastKnownFileType = text.plist.xml; path = Info.plist; sourceTree = "<group>"; };
		DDB257B723C1B6B800DF1EB4 /* Login.storyboard */ = {isa = PBXFileReference; lastKnownFileType = file.storyboard; path = Login.storyboard; sourceTree = "<group>"; };
		DDB257BC23C1B87400DF1EB4 /* AttributedTextField.swift */ = {isa = PBXFileReference; lastKnownFileType = sourcecode.swift; path = AttributedTextField.swift; sourceTree = "<group>"; };
		DDB257BE23C1B8B000DF1EB4 /* Color.swift */ = {isa = PBXFileReference; lastKnownFileType = sourcecode.swift; path = Color.swift; sourceTree = "<group>"; };
		DDB257C023C1B90500DF1EB4 /* Typealias.swift */ = {isa = PBXFileReference; lastKnownFileType = sourcecode.swift; path = Typealias.swift; sourceTree = "<group>"; };
		DDB257C223C1B93700DF1EB4 /* Network.swift */ = {isa = PBXFileReference; lastKnownFileType = sourcecode.swift; path = Network.swift; sourceTree = "<group>"; };
		DDB257C423C1B98700DF1EB4 /* UserDefaultsKeys.swift */ = {isa = PBXFileReference; lastKnownFileType = sourcecode.swift; path = UserDefaultsKeys.swift; sourceTree = "<group>"; };
		DDB257C623C1F4C200DF1EB4 /* Storyboard.swift */ = {isa = PBXFileReference; lastKnownFileType = sourcecode.swift; path = Storyboard.swift; sourceTree = "<group>"; };
		DDB257CB23C1F53C00DF1EB4 /* LoginViewController.swift */ = {isa = PBXFileReference; lastKnownFileType = sourcecode.swift; path = LoginViewController.swift; sourceTree = "<group>"; };
		DDB257CE23C1F6D900DF1EB4 /* UIColorExtensions.swift */ = {isa = PBXFileReference; lastKnownFileType = sourcecode.swift; path = UIColorExtensions.swift; sourceTree = "<group>"; };
		DDB257D023C20ACB00DF1EB4 /* UIViewControllerExtensions.swift */ = {isa = PBXFileReference; lastKnownFileType = sourcecode.swift; path = UIViewControllerExtensions.swift; sourceTree = "<group>"; };
		DDB257D223C20BE400DF1EB4 /* UIAlertControllerExtensions.swift */ = {isa = PBXFileReference; lastKnownFileType = sourcecode.swift; path = UIAlertControllerExtensions.swift; sourceTree = "<group>"; };
		DDB257D623C20F0600DF1EB4 /* MainTabsViewController.swift */ = {isa = PBXFileReference; lastKnownFileType = sourcecode.swift; path = MainTabsViewController.swift; sourceTree = "<group>"; };
		DDB257DC23C2118200DF1EB4 /* ChatTabViewController.swift */ = {isa = PBXFileReference; lastKnownFileType = sourcecode.swift; path = ChatTabViewController.swift; sourceTree = "<group>"; };
		DDB257DE23C2119200DF1EB4 /* Chat.storyboard */ = {isa = PBXFileReference; lastKnownFileType = file.storyboard; path = Chat.storyboard; sourceTree = "<group>"; };
		E15B6D99DD4F89919ACF0F75 /* Pods_Me2_Business.framework */ = {isa = PBXFileReference; explicitFileType = wrapper.framework; includeInIndex = 0; path = Pods_Me2_Business.framework; sourceTree = BUILT_PRODUCTS_DIR; };
/* End PBXFileReference section */

/* Begin PBXFrameworksBuildPhase section */
		DDB2579A23C1B4CF00DF1EB4 /* Frameworks */ = {
			isa = PBXFrameworksBuildPhase;
			buildActionMask = 2147483647;
			files = (
				708C90EE439F89C5A8FCBB14 /* Pods_Me2_Business.framework in Frameworks */,
			);
			runOnlyForDeploymentPostprocessing = 0;
		};
/* End PBXFrameworksBuildPhase section */

/* Begin PBXGroup section */
		0CDB4CC1F9A4DE63EF8BFDED /* Frameworks */ = {
			isa = PBXGroup;
			children = (
				E15B6D99DD4F89919ACF0F75 /* Pods_Me2_Business.framework */,
			);
			name = Frameworks;
			sourceTree = "<group>";
		};
		7FE0D5605A7220EF69194D30 /* Pods */ = {
			isa = PBXGroup;
			children = (
				205F855AAAC0BD28F00E207A /* Pods-Me2_Business.debug.xcconfig */,
				4AF46796FF9E20BF636AFD6F /* Pods-Me2_Business.release.xcconfig */,
			);
			path = Pods;
			sourceTree = "<group>";
		};
		DD00916023C36F4800C7B370 /* Roboto_Font */ = {
			isa = PBXGroup;
			children = (
				DD00916C23C3702300C7B370 /* Roboto-Black.ttf */,
				DD00916D23C3702300C7B370 /* Roboto-BlackItalic.ttf */,
				DD00916E23C3702300C7B370 /* Roboto-Bold.ttf */,
				DD00916F23C3702300C7B370 /* Roboto-BoldItalic.ttf */,
				DD00916A23C3702300C7B370 /* Roboto-Light.ttf */,
				DD00916B23C3702300C7B370 /* Roboto-LightItalic.ttf */,
				DD00916423C3701B00C7B370 /* Roboto-Medium.ttf */,
				DD00916623C3701B00C7B370 /* Roboto-MediumItalic.ttf */,
				DD00916523C3701B00C7B370 /* Roboto-Regular.ttf */,
				DD00916723C3701B00C7B370 /* Roboto-RegularItalic.ttf */,
				DD00916823C3701B00C7B370 /* Roboto-Thin.ttf */,
				DD00916923C3701B00C7B370 /* Roboto-ThinItalic.ttf */,
			);
			path = Roboto_Font;
			sourceTree = "<group>";
		};
		DD00918023C48DE400C7B370 /* Chat */ = {
			isa = PBXGroup;
			children = (
				DD00917C23C4890500C7B370 /* ChatViewController.swift */,
				DD00918123C48E3E00C7B370 /* ChatMessageCollectionViewCell.swift */,
				DD00918B23C495FC00C7B370 /* SectionDateHeaderCollectionReusableView.swift */,
				DD00919D23C611E600C7B370 /* Booking */,
				DD00919E23C6126C00C7B370 /* MediaMessageCollectionViewCell.swift */,
			);
			path = Chat;
			sourceTree = "<group>";
		};
		DD00919D23C611E600C7B370 /* Booking */ = {
			isa = PBXGroup;
			children = (
				DD00919523C4B10500C7B370 /* BookingCollectionViewCell.swift */,
				DD00919623C4B10500C7B370 /* BookingCollectionViewCell.xib */,
				DD00919B23C5EE0B00C7B370 /* EditBookingViewController.swift */,
			);
			path = Booking;
			sourceTree = "<group>";
		};
		DD5FD00D23CBAADD00F01725 /* Loader */ = {
			isa = PBXGroup;
			children = (
				DD5FD01023CBAB8100F01725 /* LoaderViewController.swift */,
				DD5FD00E23CBAB5B00F01725 /* Loader.storyboard */,
			);
			path = Loader;
			sourceTree = "<group>";
		};
		DD81E26C23D9D5D400069F23 /* User Profile */ = {
			isa = PBXGroup;
			children = (
				DD81E26F23D9D5F300069F23 /* ViewModels */,
				DD81E26E23D9D5EE00069F23 /* Models */,
				DD81E26D23D9D5E300069F23 /* Views */,
			);
			path = "User Profile";
			sourceTree = "<group>";
		};
		DD81E26D23D9D5E300069F23 /* Views */ = {
			isa = PBXGroup;
			children = (
				DD81E27223DABAFD00069F23 /* UserProfileViewController.swift */,
				DD81E28623DADCB300069F23 /* ProfileSectionHeader.swift */,
				DD81E27623DABF2500069F23 /* ProfileHeaderTableViewCell.swift */,
				DD81E27723DABF2500069F23 /* ProfileHeaderTableViewCell.xib */,
				DD81E27A23DAC4C000069F23 /* FavouritePlacesTableViewCell.swift */,
				DD81E27C23DACAA600069F23 /* FavouritePlaceCollectionViewCell.swift */,
			);
			path = Views;
			sourceTree = "<group>";
		};
		DD81E26E23D9D5EE00069F23 /* Models */ = {
			isa = PBXGroup;
			children = (
				DD81E28223DACC9600069F23 /* User.swift */,
			);
			path = Models;
			sourceTree = "<group>";
		};
		DD81E26F23D9D5F300069F23 /* ViewModels */ = {
			isa = PBXGroup;
			children = (
				DD81E28423DACF1E00069F23 /* UserProfileViewModel.swift */,
			);
			path = ViewModels;
			sourceTree = "<group>";
		};
		DD81E27E23DACAC700069F23 /* Place Profile */ = {
			isa = PBXGroup;
			children = (
				DD81E27F23DACAD400069F23 /* Models */,
			);
			path = "Place Profile";
			sourceTree = "<group>";
		};
		DD81E27F23DACAD400069F23 /* Models */ = {
			isa = PBXGroup;
			children = (
				DD81E28023DACAE000069F23 /* Place.swift */,
			);
			path = Models;
			sourceTree = "<group>";
		};
		DDB2579423C1B4CF00DF1EB4 = {
			isa = PBXGroup;
			children = (
				DDB2579F23C1B4CF00DF1EB4 /* Me2_Business */,
				DDB2579E23C1B4CF00DF1EB4 /* Products */,
				7FE0D5605A7220EF69194D30 /* Pods */,
				0CDB4CC1F9A4DE63EF8BFDED /* Frameworks */,
			);
			sourceTree = "<group>";
		};
		DDB2579E23C1B4CF00DF1EB4 /* Products */ = {
			isa = PBXGroup;
			children = (
				DDB2579D23C1B4CF00DF1EB4 /* Me2_Business.app */,
			);
			name = Products;
			sourceTree = "<group>";
		};
		DDB2579F23C1B4CF00DF1EB4 /* Me2_Business */ = {
			isa = PBXGroup;
			children = (
				DDB257B923C1B7F700DF1EB4 /* Core */,
				DDB257B523C1B69000DF1EB4 /* User stories */,
				DDB257B423C1B67B00DF1EB4 /* Storyboards */,
				DDB257B223C1B5C700DF1EB4 /* Support */,
				DDB257A023C1B4CF00DF1EB4 /* AppDelegate.swift */,
				DDB257A723C1B4D100DF1EB4 /* Assets.xcassets */,
			);
			path = Me2_Business;
			sourceTree = "<group>";
		};
		DDB257B223C1B5C700DF1EB4 /* Support */ = {
			isa = PBXGroup;
			children = (
				DD00916023C36F4800C7B370 /* Roboto_Font */,
				DDB257A923C1B4D100DF1EB4 /* LaunchScreen.storyboard */,
				DDB257AC23C1B4D100DF1EB4 /* Info.plist */,
			);
			path = Support;
			sourceTree = "<group>";
		};
		DDB257B323C1B60700DF1EB4 /* Main */ = {
			isa = PBXGroup;
			children = (
				DDB257D623C20F0600DF1EB4 /* MainTabsViewController.swift */,
			);
			path = Main;
			sourceTree = "<group>";
		};
		DDB257B423C1B67B00DF1EB4 /* Storyboards */ = {
			isa = PBXGroup;
			children = (
				DDB257A423C1B4CF00DF1EB4 /* Main.storyboard */,
				DDB257B723C1B6B800DF1EB4 /* Login.storyboard */,
				DDB257DE23C2119200DF1EB4 /* Chat.storyboard */,
				DD81E27423DABB1D00069F23 /* UserProfile.storyboard */,
			);
			path = Storyboards;
			sourceTree = "<group>";
		};
		DDB257B523C1B69000DF1EB4 /* User stories */ = {
			isa = PBXGroup;
			children = (
				DD81E27E23DACAC700069F23 /* Place Profile */,
				DD81E26C23D9D5D400069F23 /* User Profile */,
				DDB257D823C2114E00DF1EB4 /* Chat */,
				DDB257B623C1B6A500DF1EB4 /* Login */,
				DDB257B323C1B60700DF1EB4 /* Main */,
			);
			path = "User stories";
			sourceTree = "<group>";
		};
		DDB257B623C1B6A500DF1EB4 /* Login */ = {
			isa = PBXGroup;
			children = (
				DDB257CA23C1F52500DF1EB4 /* Models */,
				DDB257C923C1F51800DF1EB4 /* ViewModels */,
				DDB257C823C1F51000DF1EB4 /* Views */,
			);
			path = Login;
			sourceTree = "<group>";
		};
		DDB257B923C1B7F700DF1EB4 /* Core */ = {
			isa = PBXGroup;
			children = (
				DDB257CD23C1F6C900DF1EB4 /* Extensions */,
				DDB257BA23C1B80700DF1EB4 /* Utilities */,
				DDB257C623C1F4C200DF1EB4 /* Storyboard.swift */,
				DDB257BE23C1B8B000DF1EB4 /* Color.swift */,
				DDB257C023C1B90500DF1EB4 /* Typealias.swift */,
				DDB257C223C1B93700DF1EB4 /* Network.swift */,
				DDB257C423C1B98700DF1EB4 /* UserDefaultsKeys.swift */,
				DD0091A023C612A500C7B370 /* Protocols.swift */,
				DD42F5AD23C70695000ADF02 /* Dynamic.swift */,
			);
			path = Core;
			sourceTree = "<group>";
		};
		DDB257BA23C1B80700DF1EB4 /* Utilities */ = {
			isa = PBXGroup;
			children = (
				DDB257BB23C1B81100DF1EB4 /* Views */,
				DD00917E23C4898900C7B370 /* CollectionView.swift */,
				DD00918923C494AF00C7B370 /* VideoHelper.swift */,
			);
			path = Utilities;
			sourceTree = "<group>";
		};
		DDB257BB23C1B81100DF1EB4 /* Views */ = {
			isa = PBXGroup;
			children = (
				DD5FD00D23CBAADD00F01725 /* Loader */,
				DDB257BC23C1B87400DF1EB4 /* AttributedTextField.swift */,
			);
			path = Views;
			sourceTree = "<group>";
		};
		DDB257C823C1F51000DF1EB4 /* Views */ = {
			isa = PBXGroup;
			children = (
				DDB257CB23C1F53C00DF1EB4 /* LoginViewController.swift */,
				DD81E25E23D863F000069F23 /* ResetPasswordViewController.swift */,
				DD81E26223D879EC00069F23 /* ConfirmCodeViewController.swift */,
				DD81E26623D9783F00069F23 /* SetNewPassViewController.swift */,
				DD42F5A523C6F75E000ADF02 /* ApplicationViewController.swift */,
				DD42F5A723C6F8CC000ADF02 /* ApplicationFieldTableViewCell.swift */,
				DD42F5A823C6F8CC000ADF02 /* ApplicationFieldTableViewCell.xib */,
			);
			path = Views;
			sourceTree = "<group>";
		};
		DDB257C923C1F51800DF1EB4 /* ViewModels */ = {
			isa = PBXGroup;
			children = (
				DD00915C23C33F2D00C7B370 /* LoginViewModel.swift */,
				DD42F5AB23C6FB71000ADF02 /* ApplicationViewModel.swift */,
				DD81E26023D86A5900069F23 /* ResetPasswordViewModel.swift */,
				DD81E26423D96D5D00069F23 /* ConfirmCodeViewModel.swift */,
				DD81E26823D97B1000069F23 /* SetNewPassViewModel.swift */,
			);
			path = ViewModels;
			sourceTree = "<group>";
		};
		DDB257CA23C1F52500DF1EB4 /* Models */ = {
			isa = PBXGroup;
			children = (
			);
			path = Models;
			sourceTree = "<group>";
		};
		DDB257CD23C1F6C900DF1EB4 /* Extensions */ = {
			isa = PBXGroup;
			children = (
				DDB257CE23C1F6D900DF1EB4 /* UIColorExtensions.swift */,
				DDB257D023C20ACB00DF1EB4 /* UIViewControllerExtensions.swift */,
				DDB257D223C20BE400DF1EB4 /* UIAlertControllerExtensions.swift */,
				DD00915223C32CB000C7B370 /* StringExtensions.swift */,
				DD00915423C32CE200C7B370 /* DateExtensions.swift */,
				DD00915823C331EE00C7B370 /* UITableViewExtensions.swift */,
				DD00915A23C3325D00C7B370 /* UICollectionViewExtensions.swift */,
				DD00918323C48E9F00C7B370 /* UIViewExtensions.swift */,
				DD00918D23C49AB100C7B370 /* UINavigationItem.swift */,
				DD00918F23C49E9700C7B370 /* UINavigationBar.swift */,
				DD42F5AF23C7090A000ADF02 /* UIButtonExtensions.swift */,
			);
			path = Extensions;
			sourceTree = "<group>";
		};
		DDB257D823C2114E00DF1EB4 /* Chat */ = {
			isa = PBXGroup;
			children = (
				DDB257DB23C2116700DF1EB4 /* Models */,
				DDB257DA23C2115B00DF1EB4 /* ViewModels */,
				DDB257D923C2115300DF1EB4 /* Views */,
			);
			path = Chat;
			sourceTree = "<group>";
		};
		DDB257D923C2115300DF1EB4 /* Views */ = {
			isa = PBXGroup;
			children = (
				DDB257DC23C2118200DF1EB4 /* ChatTabViewController.swift */,
				DD00914823C3215C00C7B370 /* ChatTableViewCell.swift */,
				DD00914923C3215C00C7B370 /* ChatTableViewCell.xib */,
				DD00918023C48DE400C7B370 /* Chat */,
			);
			path = Views;
			sourceTree = "<group>";
		};
		DDB257DA23C2115B00DF1EB4 /* ViewModels */ = {
			isa = PBXGroup;
			children = (
				DD00915E23C3624600C7B370 /* ChatTabViewModel.swift */,
				DD00918523C48EFC00C7B370 /* ChatViewModel.swift */,
			);
			path = ViewModels;
			sourceTree = "<group>";
		};
		DDB257DB23C2116700DF1EB4 /* Models */ = {
			isa = PBXGroup;
			children = (
				DD00914C23C3291B00C7B370 /* Room.swift */,
				DD00914E23C329DD00C7B370 /* Message.swift */,
				DD00915023C32A4400C7B370 /* MediaFile.swift */,
				DD00915623C32D1100C7B370 /* ChatParticipant.swift */,
				DD00918723C4904B00C7B370 /* ChatAdapter.swift */,
				DD00919923C4C10A00C7B370 /* Booking.swift */,
			);
			path = Models;
			sourceTree = "<group>";
		};
/* End PBXGroup section */

/* Begin PBXNativeTarget section */
		DDB2579C23C1B4CF00DF1EB4 /* Me2_Business */ = {
			isa = PBXNativeTarget;
			buildConfigurationList = DDB257AF23C1B4D100DF1EB4 /* Build configuration list for PBXNativeTarget "Me2_Business" */;
			buildPhases = (
				8AD42D248D1DC4EDDCA89945 /* [CP] Check Pods Manifest.lock */,
				DDB2579923C1B4CF00DF1EB4 /* Sources */,
				DDB2579A23C1B4CF00DF1EB4 /* Frameworks */,
				DDB2579B23C1B4CF00DF1EB4 /* Resources */,
				833C90D551CC9A42F57C559D /* [CP] Embed Pods Frameworks */,
			);
			buildRules = (
			);
			dependencies = (
			);
			name = Me2_Business;
			productName = Me2_Business;
			productReference = DDB2579D23C1B4CF00DF1EB4 /* Me2_Business.app */;
			productType = "com.apple.product-type.application";
		};
/* End PBXNativeTarget section */

/* Begin PBXProject section */
		DDB2579523C1B4CF00DF1EB4 /* Project object */ = {
			isa = PBXProject;
			attributes = {
				LastSwiftUpdateCheck = 1030;
				LastUpgradeCheck = 1030;
				ORGANIZATIONNAME = AVSoft;
				TargetAttributes = {
					DDB2579C23C1B4CF00DF1EB4 = {
						CreatedOnToolsVersion = 10.3;
					};
				};
			};
			buildConfigurationList = DDB2579823C1B4CF00DF1EB4 /* Build configuration list for PBXProject "Me2_Business" */;
			compatibilityVersion = "Xcode 9.3";
			developmentRegion = en;
			hasScannedForEncodings = 0;
			knownRegions = (
				en,
				Base,
				ru,
			);
			mainGroup = DDB2579423C1B4CF00DF1EB4;
			productRefGroup = DDB2579E23C1B4CF00DF1EB4 /* Products */;
			projectDirPath = "";
			projectRoot = "";
			targets = (
				DDB2579C23C1B4CF00DF1EB4 /* Me2_Business */,
			);
		};
/* End PBXProject section */

/* Begin PBXResourcesBuildPhase section */
		DDB2579B23C1B4CF00DF1EB4 /* Resources */ = {
			isa = PBXResourcesBuildPhase;
			buildActionMask = 2147483647;
			files = (
				DD00917623C370A100C7B370 /* Roboto-Medium.ttf in Resources */,
				DDB257B823C1B6B800DF1EB4 /* Login.storyboard in Resources */,
				DD00917A23C370A100C7B370 /* Roboto-Thin.ttf in Resources */,
				DD00914B23C3215C00C7B370 /* ChatTableViewCell.xib in Resources */,
				DD00917523C370A100C7B370 /* Roboto-LightItalic.ttf in Resources */,
				DD00917723C370A100C7B370 /* Roboto-MediumItalic.ttf in Resources */,
				DD00917B23C370A100C7B370 /* Roboto-ThinItalic.ttf in Resources */,
				DDB257AB23C1B4D100DF1EB4 /* LaunchScreen.storyboard in Resources */,
				DD00917423C370A100C7B370 /* Roboto-Light.ttf in Resources */,
				DDB257A823C1B4D100DF1EB4 /* Assets.xcassets in Resources */,
				DD5FD00F23CBAB5B00F01725 /* Loader.storyboard in Resources */,
				DD00917023C370A100C7B370 /* Roboto-Black.ttf in Resources */,
				DD00917223C370A100C7B370 /* Roboto-Bold.ttf in Resources */,
				DDB257DF23C2119200DF1EB4 /* Chat.storyboard in Resources */,
				DD42F5AA23C6F8CC000ADF02 /* ApplicationFieldTableViewCell.xib in Resources */,
				DDB257A623C1B4CF00DF1EB4 /* Main.storyboard in Resources */,
				DD00917823C370A100C7B370 /* Roboto-Regular.ttf in Resources */,
				DD00919823C4B10500C7B370 /* BookingCollectionViewCell.xib in Resources */,
				DD00917323C370A100C7B370 /* Roboto-BoldItalic.ttf in Resources */,
				DD00917923C370A100C7B370 /* Roboto-RegularItalic.ttf in Resources */,
				DD00917123C370A100C7B370 /* Roboto-BlackItalic.ttf in Resources */,
				DD81E27523DABB1D00069F23 /* UserProfile.storyboard in Resources */,
				DD81E27923DABF2500069F23 /* ProfileHeaderTableViewCell.xib in Resources */,
			);
			runOnlyForDeploymentPostprocessing = 0;
		};
/* End PBXResourcesBuildPhase section */

/* Begin PBXShellScriptBuildPhase section */
		833C90D551CC9A42F57C559D /* [CP] Embed Pods Frameworks */ = {
			isa = PBXShellScriptBuildPhase;
			buildActionMask = 2147483647;
			files = (
			);
			inputFileListPaths = (
				"${PODS_ROOT}/Target Support Files/Pods-Me2_Business/Pods-Me2_Business-frameworks-${CONFIGURATION}-input-files.xcfilelist",
			);
			name = "[CP] Embed Pods Frameworks";
			outputFileListPaths = (
				"${PODS_ROOT}/Target Support Files/Pods-Me2_Business/Pods-Me2_Business-frameworks-${CONFIGURATION}-output-files.xcfilelist",
			);
			runOnlyForDeploymentPostprocessing = 0;
			shellPath = /bin/sh;
			shellScript = "\"${PODS_ROOT}/Target Support Files/Pods-Me2_Business/Pods-Me2_Business-frameworks.sh\"\n";
			showEnvVarsInLog = 0;
		};
		8AD42D248D1DC4EDDCA89945 /* [CP] Check Pods Manifest.lock */ = {
			isa = PBXShellScriptBuildPhase;
			buildActionMask = 2147483647;
			files = (
			);
			inputFileListPaths = (
			);
			inputPaths = (
				"${PODS_PODFILE_DIR_PATH}/Podfile.lock",
				"${PODS_ROOT}/Manifest.lock",
			);
			name = "[CP] Check Pods Manifest.lock";
			outputFileListPaths = (
			);
			outputPaths = (
				"$(DERIVED_FILE_DIR)/Pods-Me2_Business-checkManifestLockResult.txt",
			);
			runOnlyForDeploymentPostprocessing = 0;
			shellPath = /bin/sh;
			shellScript = "diff \"${PODS_PODFILE_DIR_PATH}/Podfile.lock\" \"${PODS_ROOT}/Manifest.lock\" > /dev/null\nif [ $? != 0 ] ; then\n    # print error to STDERR\n    echo \"error: The sandbox is not in sync with the Podfile.lock. Run 'pod install' or update your CocoaPods installation.\" >&2\n    exit 1\nfi\n# This output is used by Xcode 'outputs' to avoid re-running this script phase.\necho \"SUCCESS\" > \"${SCRIPT_OUTPUT_FILE_0}\"\n";
			showEnvVarsInLog = 0;
		};
/* End PBXShellScriptBuildPhase section */

/* Begin PBXSourcesBuildPhase section */
		DDB2579923C1B4CF00DF1EB4 /* Sources */ = {
			isa = PBXSourcesBuildPhase;
			buildActionMask = 2147483647;
			files = (
				DD42F5AE23C70695000ADF02 /* Dynamic.swift in Sources */,
				DD00915D23C33F2D00C7B370 /* LoginViewModel.swift in Sources */,
				DD81E26323D879EC00069F23 /* ConfirmCodeViewController.swift in Sources */,
				DD42F5AC23C6FB71000ADF02 /* ApplicationViewModel.swift in Sources */,
				DD00919F23C6126C00C7B370 /* MediaMessageCollectionViewCell.swift in Sources */,
				DD00919A23C4C10A00C7B370 /* Booking.swift in Sources */,
				DD00918823C4904B00C7B370 /* ChatAdapter.swift in Sources */,
				DD00915923C331EE00C7B370 /* UITableViewExtensions.swift in Sources */,
				DDB257CF23C1F6D900DF1EB4 /* UIColorExtensions.swift in Sources */,
				DD81E27D23DACAA600069F23 /* FavouritePlaceCollectionViewCell.swift in Sources */,
				DDB257C323C1B93700DF1EB4 /* Network.swift in Sources */,
				DD00918223C48E3E00C7B370 /* ChatMessageCollectionViewCell.swift in Sources */,
				DDB257D123C20ACB00DF1EB4 /* UIViewControllerExtensions.swift in Sources */,
				DD0091A123C612A500C7B370 /* Protocols.swift in Sources */,
				DD42F5A623C6F75E000ADF02 /* ApplicationViewController.swift in Sources */,
				DDB257A123C1B4CF00DF1EB4 /* AppDelegate.swift in Sources */,
				DD81E26123D86A5900069F23 /* ResetPasswordViewModel.swift in Sources */,
				DDB257BD23C1B87400DF1EB4 /* AttributedTextField.swift in Sources */,
				DD00918A23C494AF00C7B370 /* VideoHelper.swift in Sources */,
				DD81E28123DACAE000069F23 /* Place.swift in Sources */,
				DD81E26923D97B1100069F23 /* SetNewPassViewModel.swift in Sources */,
				DDB257C723C1F4C200DF1EB4 /* Storyboard.swift in Sources */,
				DD81E25F23D863F000069F23 /* ResetPasswordViewController.swift in Sources */,
				DD81E27323DABAFD00069F23 /* UserProfileViewController.swift in Sources */,
				DD42F5B023C7090A000ADF02 /* UIButtonExtensions.swift in Sources */,
				DD00918623C48EFC00C7B370 /* ChatViewModel.swift in Sources */,
				DD00915523C32CE200C7B370 /* DateExtensions.swift in Sources */,
				DDB257CC23C1F53C00DF1EB4 /* LoginViewController.swift in Sources */,
				DDB257D323C20BE400DF1EB4 /* UIAlertControllerExtensions.swift in Sources */,
				DD81E28523DACF1E00069F23 /* UserProfileViewModel.swift in Sources */,
				DD81E28723DADCB300069F23 /* ProfileSectionHeader.swift in Sources */,
				DDB257C123C1B90500DF1EB4 /* Typealias.swift in Sources */,
				DD81E27823DABF2500069F23 /* ProfileHeaderTableViewCell.swift in Sources */,
				DD00915F23C3624600C7B370 /* ChatTabViewModel.swift in Sources */,
				DD00919023C49E9700C7B370 /* UINavigationBar.swift in Sources */,
				DDB257DD23C2118200DF1EB4 /* ChatTabViewController.swift in Sources */,
				DD00918E23C49AB100C7B370 /* UINavigationItem.swift in Sources */,
				DD00919723C4B10500C7B370 /* BookingCollectionViewCell.swift in Sources */,
				DD81E26723D9783F00069F23 /* SetNewPassViewController.swift in Sources */,
				DD00915B23C3325D00C7B370 /* UICollectionViewExtensions.swift in Sources */,
				DD81E26523D96D5D00069F23 /* ConfirmCodeViewModel.swift in Sources */,
				DDB257D723C20F0600DF1EB4 /* MainTabsViewController.swift in Sources */,
				DD00915123C32A4400C7B370 /* MediaFile.swift in Sources */,
				DD00915323C32CB000C7B370 /* StringExtensions.swift in Sources */,
				DD00917F23C4898900C7B370 /* CollectionView.swift in Sources */,
				DD00917D23C4890500C7B370 /* ChatViewController.swift in Sources */,
				DD00914A23C3215C00C7B370 /* ChatTableViewCell.swift in Sources */,
				DD00918423C48E9F00C7B370 /* UIViewExtensions.swift in Sources */,
				DD00915723C32D1100C7B370 /* ChatParticipant.swift in Sources */,
				DD00919C23C5EE0B00C7B370 /* EditBookingViewController.swift in Sources */,
				DDB257C523C1B98700DF1EB4 /* UserDefaultsKeys.swift in Sources */,
				DD81E27B23DAC4C000069F23 /* FavouritePlacesTableViewCell.swift in Sources */,
				DD00914F23C329DD00C7B370 /* Message.swift in Sources */,
				DD5FD01123CBAB8100F01725 /* LoaderViewController.swift in Sources */,
				DD42F5A923C6F8CC000ADF02 /* ApplicationFieldTableViewCell.swift in Sources */,
				DDB257BF23C1B8B000DF1EB4 /* Color.swift in Sources */,
				DD00918C23C495FC00C7B370 /* SectionDateHeaderCollectionReusableView.swift in Sources */,
				DD00914D23C3291B00C7B370 /* Room.swift in Sources */,
				DD81E28323DACC9600069F23 /* User.swift in Sources */,
			);
			runOnlyForDeploymentPostprocessing = 0;
		};
/* End PBXSourcesBuildPhase section */

/* Begin PBXVariantGroup section */
		DDB257A423C1B4CF00DF1EB4 /* Main.storyboard */ = {
			isa = PBXVariantGroup;
			children = (
				DDB257A523C1B4CF00DF1EB4 /* Base */,
				DD81E26A23D9B72E00069F23 /* ru */,
			);
			name = Main.storyboard;
			sourceTree = "<group>";
		};
		DDB257A923C1B4D100DF1EB4 /* LaunchScreen.storyboard */ = {
			isa = PBXVariantGroup;
			children = (
				DDB257AA23C1B4D100DF1EB4 /* Base */,
				DD81E26B23D9B72F00069F23 /* ru */,
			);
			name = LaunchScreen.storyboard;
			sourceTree = "<group>";
		};
/* End PBXVariantGroup section */

/* Begin XCBuildConfiguration section */
		DDB257AD23C1B4D100DF1EB4 /* Debug */ = {
			isa = XCBuildConfiguration;
			buildSettings = {
				ALWAYS_SEARCH_USER_PATHS = NO;
				CLANG_ANALYZER_LOCALIZABILITY_NONLOCALIZED = YES;
				CLANG_ANALYZER_NONNULL = YES;
				CLANG_ANALYZER_NUMBER_OBJECT_CONVERSION = YES_AGGRESSIVE;
				CLANG_CXX_LANGUAGE_STANDARD = "gnu++14";
				CLANG_CXX_LIBRARY = "libc++";
				CLANG_ENABLE_MODULES = YES;
				CLANG_ENABLE_OBJC_ARC = YES;
				CLANG_ENABLE_OBJC_WEAK = YES;
				CLANG_WARN_BLOCK_CAPTURE_AUTORELEASING = YES;
				CLANG_WARN_BOOL_CONVERSION = YES;
				CLANG_WARN_COMMA = YES;
				CLANG_WARN_CONSTANT_CONVERSION = YES;
				CLANG_WARN_DEPRECATED_OBJC_IMPLEMENTATIONS = YES;
				CLANG_WARN_DIRECT_OBJC_ISA_USAGE = YES_ERROR;
				CLANG_WARN_DOCUMENTATION_COMMENTS = YES;
				CLANG_WARN_EMPTY_BODY = YES;
				CLANG_WARN_ENUM_CONVERSION = YES;
				CLANG_WARN_INFINITE_RECURSION = YES;
				CLANG_WARN_INT_CONVERSION = YES;
				CLANG_WARN_NON_LITERAL_NULL_CONVERSION = YES;
				CLANG_WARN_OBJC_IMPLICIT_RETAIN_SELF = YES;
				CLANG_WARN_OBJC_LITERAL_CONVERSION = YES;
				CLANG_WARN_OBJC_ROOT_CLASS = YES_ERROR;
				CLANG_WARN_RANGE_LOOP_ANALYSIS = YES;
				CLANG_WARN_STRICT_PROTOTYPES = YES;
				CLANG_WARN_SUSPICIOUS_MOVE = YES;
				CLANG_WARN_UNGUARDED_AVAILABILITY = YES_AGGRESSIVE;
				CLANG_WARN_UNREACHABLE_CODE = YES;
				CLANG_WARN__DUPLICATE_METHOD_MATCH = YES;
				CODE_SIGN_IDENTITY = "iPhone Developer";
				COPY_PHASE_STRIP = NO;
				DEBUG_INFORMATION_FORMAT = dwarf;
				ENABLE_STRICT_OBJC_MSGSEND = YES;
				ENABLE_TESTABILITY = YES;
				GCC_C_LANGUAGE_STANDARD = gnu11;
				GCC_DYNAMIC_NO_PIC = NO;
				GCC_NO_COMMON_BLOCKS = YES;
				GCC_OPTIMIZATION_LEVEL = 0;
				GCC_PREPROCESSOR_DEFINITIONS = (
					"DEBUG=1",
					"$(inherited)",
				);
				GCC_WARN_64_TO_32_BIT_CONVERSION = YES;
				GCC_WARN_ABOUT_RETURN_TYPE = YES_ERROR;
				GCC_WARN_UNDECLARED_SELECTOR = YES;
				GCC_WARN_UNINITIALIZED_AUTOS = YES_AGGRESSIVE;
				GCC_WARN_UNUSED_FUNCTION = YES;
				GCC_WARN_UNUSED_VARIABLE = YES;
				IPHONEOS_DEPLOYMENT_TARGET = 11.0;
				MTL_ENABLE_DEBUG_INFO = INCLUDE_SOURCE;
				MTL_FAST_MATH = YES;
				ONLY_ACTIVE_ARCH = YES;
				SDKROOT = iphoneos;
				SWIFT_ACTIVE_COMPILATION_CONDITIONS = DEBUG;
				SWIFT_OPTIMIZATION_LEVEL = "-Onone";
			};
			name = Debug;
		};
		DDB257AE23C1B4D100DF1EB4 /* Release */ = {
			isa = XCBuildConfiguration;
			buildSettings = {
				ALWAYS_SEARCH_USER_PATHS = NO;
				CLANG_ANALYZER_LOCALIZABILITY_NONLOCALIZED = YES;
				CLANG_ANALYZER_NONNULL = YES;
				CLANG_ANALYZER_NUMBER_OBJECT_CONVERSION = YES_AGGRESSIVE;
				CLANG_CXX_LANGUAGE_STANDARD = "gnu++14";
				CLANG_CXX_LIBRARY = "libc++";
				CLANG_ENABLE_MODULES = YES;
				CLANG_ENABLE_OBJC_ARC = YES;
				CLANG_ENABLE_OBJC_WEAK = YES;
				CLANG_WARN_BLOCK_CAPTURE_AUTORELEASING = YES;
				CLANG_WARN_BOOL_CONVERSION = YES;
				CLANG_WARN_COMMA = YES;
				CLANG_WARN_CONSTANT_CONVERSION = YES;
				CLANG_WARN_DEPRECATED_OBJC_IMPLEMENTATIONS = YES;
				CLANG_WARN_DIRECT_OBJC_ISA_USAGE = YES_ERROR;
				CLANG_WARN_DOCUMENTATION_COMMENTS = YES;
				CLANG_WARN_EMPTY_BODY = YES;
				CLANG_WARN_ENUM_CONVERSION = YES;
				CLANG_WARN_INFINITE_RECURSION = YES;
				CLANG_WARN_INT_CONVERSION = YES;
				CLANG_WARN_NON_LITERAL_NULL_CONVERSION = YES;
				CLANG_WARN_OBJC_IMPLICIT_RETAIN_SELF = YES;
				CLANG_WARN_OBJC_LITERAL_CONVERSION = YES;
				CLANG_WARN_OBJC_ROOT_CLASS = YES_ERROR;
				CLANG_WARN_RANGE_LOOP_ANALYSIS = YES;
				CLANG_WARN_STRICT_PROTOTYPES = YES;
				CLANG_WARN_SUSPICIOUS_MOVE = YES;
				CLANG_WARN_UNGUARDED_AVAILABILITY = YES_AGGRESSIVE;
				CLANG_WARN_UNREACHABLE_CODE = YES;
				CLANG_WARN__DUPLICATE_METHOD_MATCH = YES;
				CODE_SIGN_IDENTITY = "iPhone Developer";
				COPY_PHASE_STRIP = NO;
				DEBUG_INFORMATION_FORMAT = "dwarf-with-dsym";
				ENABLE_NS_ASSERTIONS = NO;
				ENABLE_STRICT_OBJC_MSGSEND = YES;
				GCC_C_LANGUAGE_STANDARD = gnu11;
				GCC_NO_COMMON_BLOCKS = YES;
				GCC_WARN_64_TO_32_BIT_CONVERSION = YES;
				GCC_WARN_ABOUT_RETURN_TYPE = YES_ERROR;
				GCC_WARN_UNDECLARED_SELECTOR = YES;
				GCC_WARN_UNINITIALIZED_AUTOS = YES_AGGRESSIVE;
				GCC_WARN_UNUSED_FUNCTION = YES;
				GCC_WARN_UNUSED_VARIABLE = YES;
				IPHONEOS_DEPLOYMENT_TARGET = 11.0;
				MTL_ENABLE_DEBUG_INFO = NO;
				MTL_FAST_MATH = YES;
				SDKROOT = iphoneos;
				SWIFT_COMPILATION_MODE = wholemodule;
				SWIFT_OPTIMIZATION_LEVEL = "-O";
				VALIDATE_PRODUCT = YES;
			};
			name = Release;
		};
		DDB257B023C1B4D100DF1EB4 /* Debug */ = {
			isa = XCBuildConfiguration;
			baseConfigurationReference = 205F855AAAC0BD28F00E207A /* Pods-Me2_Business.debug.xcconfig */;
			buildSettings = {
				ASSETCATALOG_COMPILER_APPICON_NAME = AppIcon;
				CODE_SIGN_STYLE = Automatic;
				DEVELOPMENT_TEAM = 9M296R855U;
				INFOPLIST_FILE = "$(SRCROOT)/Me2_Business/Support/Info.plist";
				IPHONEOS_DEPLOYMENT_TARGET = 11.0;
				LD_RUNPATH_SEARCH_PATHS = (
					"$(inherited)",
					"@executable_path/Frameworks",
				);
				PRODUCT_BUNDLE_IDENTIFIER = com.avsoft.metwobusiness;
				PRODUCT_NAME = "$(TARGET_NAME)";
				SWIFT_VERSION = 5.0;
				TARGETED_DEVICE_FAMILY = 1;
			};
			name = Debug;
		};
		DDB257B123C1B4D100DF1EB4 /* Release */ = {
			isa = XCBuildConfiguration;
			baseConfigurationReference = 4AF46796FF9E20BF636AFD6F /* Pods-Me2_Business.release.xcconfig */;
			buildSettings = {
				ASSETCATALOG_COMPILER_APPICON_NAME = AppIcon;
				CODE_SIGN_STYLE = Automatic;
				DEVELOPMENT_TEAM = 9M296R855U;
				INFOPLIST_FILE = "$(SRCROOT)/Me2_Business/Support/Info.plist";
				IPHONEOS_DEPLOYMENT_TARGET = 11.0;
				LD_RUNPATH_SEARCH_PATHS = (
					"$(inherited)",
					"@executable_path/Frameworks",
				);
				PRODUCT_BUNDLE_IDENTIFIER = com.avsoft.metwobusiness;
				PRODUCT_NAME = "$(TARGET_NAME)";
				SWIFT_VERSION = 5.0;
				TARGETED_DEVICE_FAMILY = 1;
			};
			name = Release;
		};
/* End XCBuildConfiguration section */

/* Begin XCConfigurationList section */
		DDB2579823C1B4CF00DF1EB4 /* Build configuration list for PBXProject "Me2_Business" */ = {
			isa = XCConfigurationList;
			buildConfigurations = (
				DDB257AD23C1B4D100DF1EB4 /* Debug */,
				DDB257AE23C1B4D100DF1EB4 /* Release */,
			);
			defaultConfigurationIsVisible = 0;
			defaultConfigurationName = Release;
		};
		DDB257AF23C1B4D100DF1EB4 /* Build configuration list for PBXNativeTarget "Me2_Business" */ = {
			isa = XCConfigurationList;
			buildConfigurations = (
				DDB257B023C1B4D100DF1EB4 /* Debug */,
				DDB257B123C1B4D100DF1EB4 /* Release */,
			);
			defaultConfigurationIsVisible = 0;
			defaultConfigurationName = Release;
		};
/* End XCConfigurationList section */
	};
	rootObject = DDB2579523C1B4CF00DF1EB4 /* Project object */;
}
